
Microsoft Visual Studio Solution File, Format Version 12.00
# Visual Studio Version 16
VisualStudioVersion = 16.0.29509.3
MinimumVisualStudioVersion = 10.0.40219.1
Project("{8BC9CEB8-8B4A-11D0-8D11-00A0C91BC942}") = "console_victim_test", "console_victim_test.vcxproj", "{53479868-4C48-4CE2-81A7-27FD46796AF7}"
EndProject
Global
	GlobalSection(SolutionConfigurationPlatforms) = preSolution
		Debug|x64 = Debug|x64
		Debug|x86 = Debug|x86
		Release|x64 = Release|x64
		Release|x86 = Release|x86
	EndGlobalSection
	GlobalSection(ProjectConfigurationPlatforms) = postSolution
		{53479868-4C48-4CE2-81A7-27FD46796AF7}.Debug|x64.ActiveCfg = Debug|x64
		{53479868-4C48-4CE2-81A7-27FD46796AF7}.Debug|x64.Build.0 = Debug|x64
		{53479868-4C48-4CE2-81A7-27FD46796AF7}.Debug|x86.ActiveCfg = Debug|Win32
		{53479868-4C48-4CE2-81A7-27FD46796AF7}.Debug|x86.Build.0 = Debug|Win32
		{53479868-4C48-4CE2-81A7-27FD46796AF7}.Release|x64.ActiveCfg = Release|x64
		{53479868-4C48-4CE2-81A7-27FD46796AF7}.Release|x64.Build.0 = Release|x64
		{53479868-4C48-4CE2-81A7-27FD46796AF7}.Release|x86.ActiveCfg = Release|Win32
		{53479868-4C48-4CE2-81A7-27FD46796AF7}.Release|x86.Build.0 = Release|Win32
	EndGlobalSection
	GlobalSection(SolutionProperties) = preSolution
		HideSolutionNode = FALSE
	EndGlobalSection
	GlobalSection(ExtensibilityGlobals) = postSolution
		SolutionGuid = {E5AFA4EC-B13C-46CC-8824-C5E25770F779}
	EndGlobalSection
EndGlobal
